// !$*UTF8*$!
{
	archiveVersion = 1;
	classes = {
	};
	objectVersion = 46;
	objects = {

/* Begin PBXBuildFile section */
		637D85761BE3C64300A4BA07 /* AppDelegate.swift in Sources */ = {isa = PBXBuildFile; fileRef = 637D85751BE3C64300A4BA07 /* AppDelegate.swift */; };
		637D85781BE3C64400A4BA07 /* ViewController.swift in Sources */ = {isa = PBXBuildFile; fileRef = 637D85771BE3C64400A4BA07 /* ViewController.swift */; };
		637D857B1BE3C64400A4BA07 /* Main.storyboard in Resources */ = {isa = PBXBuildFile; fileRef = 637D85791BE3C64400A4BA07 /* Main.storyboard */; };
		637D857D1BE3C64400A4BA07 /* Assets.xcassets in Resources */ = {isa = PBXBuildFile; fileRef = 637D857C1BE3C64400A4BA07 /* Assets.xcassets */; };
		637D85801BE3C64400A4BA07 /* LaunchScreen.storyboard in Resources */ = {isa = PBXBuildFile; fileRef = 637D857E1BE3C64400A4BA07 /* LaunchScreen.storyboard */; };
/* End PBXBuildFile section */

/* Begin PBXFileReference section */
		637D85721BE3C64300A4BA07 /* App8_Mapas.app */ = {isa = PBXFileReference; explicitFileType = wrapper.application; includeInIndex = 0; path = App8_Mapas.app; sourceTree = BUILT_PRODUCTS_DIR; };
		637D85751BE3C64300A4BA07 /* AppDelegate.swift */ = {isa = PBXFileReference; lastKnownFileType = sourcecode.swift; path = AppDelegate.swift; sourceTree = "<group>"; };
		637D85771BE3C64400A4BA07 /* ViewController.swift */ = {isa = PBXFileReference; lastKnownFileType = sourcecode.swift; path = ViewController.swift; sourceTree = "<group>"; };
		637D857A1BE3C64400A4BA07 /* Base */ = {isa = PBXFileReference; lastKnownFileType = file.storyboard; name = Base; path = Base.lproj/Main.storyboard; sourceTree = "<group>"; };
		637D857C1BE3C64400A4BA07 /* Assets.xcassets */ = {isa = PBXFileReference; lastKnownFileType = folder.assetcatalog; path = Assets.xcassets; sourceTree = "<group>"; };
		637D857F1BE3C64400A4BA07 /* Base */ = {isa = PBXFileReference; lastKnownFileType = file.storyboard; name = Base; path = Base.lproj/LaunchScreen.storyboard; sourceTree = "<group>"; };
		637D85811BE3C64400A4BA07 /* Info.plist */ = {isa = PBXFileReference; lastKnownFileType = text.plist.xml; path = Info.plist; sourceTree = "<group>"; };
/* End PBXFileReference section */

/* Begin PBXFrameworksBuildPhase section */
		637D856F1BE3C64300A4BA07 /* Frameworks */ = {
			isa = PBXFrameworksBuildPhase;
			buildActionMask = 2147483647;
			files = (
			);
			runOnlyForDeploymentPostprocessing = 0;
		};
/* End PBXFrameworksBuildPhase section */

/* Begin PBXGroup section */
		637D85691BE3C64300A4BA07 = {
			isa = PBXGroup;
			children = (
				637D85741BE3C64300A4BA07 /* App8_Mapas */,
				637D85731BE3C64300A4BA07 /* Products */,
			);
			sourceTree = "<group>";
		};
		637D85731BE3C64300A4BA07 /* Products */ = {
			isa = PBXGroup;
			children = (
				637D85721BE3C64300A4BA07 /* App8_Mapas.app */,
			);
			name = Products;
			sourceTree = "<group>";
		};
		637D85741BE3C64300A4BA07 /* App8_Mapas */ = {
			isa = PBXGroup;
			children = (
				637D85751BE3C64300A4BA07 /* AppDelegate.swift */,
				637D85771BE3C64400A4BA07 /* ViewController.swift */,
				637D85791BE3C64400A4BA07 /* Main.storyboard */,
				637D857C1BE3C64400A4BA07 /* Assets.xcassets */,
				637D857E1BE3C64400A4BA07 /* LaunchScreen.storyboard */,
				637D85811BE3C64400A4BA07 /* Info.plist */,
			);
			path = App8_Mapas;
			sourceTree = "<group>";
		};
/* End PBXGroup section */

/* Begin PBXNativeTarget section */
		637D85711BE3C64300A4BA07 /* App8_Mapas */ = {
			isa = PBXNativeTarget;
			buildConfigurationList = 637D85841BE3C64400A4BA07 /* Build configuration list for PBXNativeTarget "App8_Mapas" */;
			buildPhases = (
				637D856E1BE3C64300A4BA07 /* Sources */,
				637D856F1BE3C64300A4BA07 /* Frameworks */,
				637D85701BE3C64300A4BA07 /* Resources */,
			);
			buildRules = (
			);
			dependencies = (
			);
			name = App8_Mapas;
			productName = App8_Mapas;
			productReference = 637D85721BE3C64300A4BA07 /* App8_Mapas.app */;
			productType = "com.apple.product-type.application";
		};
/* End PBXNativeTarget section */

/* Begin PBXProject section */
		637D856A1BE3C64300A4BA07 /* Project object */ = {
			isa = PBXProject;
			attributes = {
				LastUpgradeCheck = 0700;
				ORGANIZATIONNAME = iCologic;
				TargetAttributes = {
					637D85711BE3C64300A4BA07 = {
						CreatedOnToolsVersion = 7.0;
					};
				};
			};
			buildConfigurationList = 637D856D1BE3C64300A4BA07 /* Build configuration list for PBXProject "App8_Mapas" */;
			compatibilityVersion = "Xcode 3.2";
			developmentRegion = English;
			hasScannedForEncodings = 0;
			knownRegions = (
				en,
				Base,
			);
			mainGroup = 637D85691BE3C64300A4BA07;
			productRefGroup = 637D85731BE3C64300A4BA07 /* Products */;
			projectDirPath = "";
			projectRoot = "";
			targets = (
				637D85711BE3C64300A4BA07 /* App8_Mapas */,
			);
		};
/* End PBXProject section */

/* Begin PBXResourcesBuildPhase section */
		637D85701BE3C64300A4BA07 /* Resources */ = {
			isa = PBXResourcesBuildPhase;
			buildActionMask = 2147483647;
			files = (
				637D85801BE3C64400A4BA07 /* LaunchScreen.storyboard in Resources */,
				637D857D1BE3C64400A4BA07 /* Assets.xcassets in Resources */,
				637D857B1BE3C64400A4BA07 /* Main.storyboard in Resources */,
			);
			runOnlyForDeploymentPostprocessing = 0;
		};
/* End PBXResourcesBuildPhase section */

/* Begin PBXSourcesBuildPhase section */
		637D856E1BE3C64300A4BA07 /* Sources */ = {
			isa = PBXSourcesBuildPhase;
			buildActionMask = 2147483647;
			files = (
				637D85781BE3C64400A4BA07 /* ViewController.swift in Sources */,
				637D85761BE3C64300A4BA07 /* AppDelegate.swift in Sources */,
			);
			runOnlyForDeploymentPostprocessing = 0;
		};
/* End PBXSourcesBuildPhase section */

/* Begin PBXVariantGroup section */
		637D85791BE3C64400A4BA07 /* Main.storyboard */ = {
			isa = PBXVariantGroup;
			children = (
				637D857A1BE3C64400A4BA07 /* Base */,
			);
			name = Main.storyboard;
			sourceTree = "<group>";
		};
		637D857E1BE3C64400A4BA07 /* LaunchScreen.storyboard */ = {
			isa = PBXVariantGroup;
			children = (
				637D857F1BE3C64400A4BA07 /* Base */,
			);
			name = LaunchScreen.storyboard;
			sourceTree = "<group>";
		};
/* End PBXVariantGroup section */

/* Begin XCBuildConfiguration section */
		637D85821BE3C64400A4BA07 /* Debug */ = {
			isa = XCBuildConfiguration;
			buildSettings = {
				ALWAYS_SEARCH_USER_PATHS = NO;
				CLANG_CXX_LANGUAGE_STANDARD = "gnu++0x";
				CLANG_CXX_LIBRARY = "libc++";
				CLANG_ENABLE_MODULES = YES;
				CLANG_ENABLE_OBJC_ARC = YES;
				CLANG_WARN_BOOL_CONVERSION = YES;
				CLANG_WARN_CONSTANT_CONVERSION = YES;
				CLANG_WARN_DIRECT_OBJC_ISA_USAGE = YES_ERROR;
				CLANG_WARN_EMPTY_BODY = YES;
				CLANG_WARN_ENUM_CONVERSION = YES;
				CLANG_WARN_INT_CONVERSION = YES;
				CLANG_WARN_OBJC_ROOT_CLASS = YES_ERROR;
				CLANG_WARN_UNREACHABLE_CODE = YES;
				CLANG_WARN__DUPLICATE_METHOD_MATCH = YES;
				"CODE_SIGN_IDENTITY[sdk=iphoneos*]" = "iPhone Developer";
				COPY_PHASE_STRIP = NO;
				DEBUG_INFORMATION_FORMAT = dwarf;
				ENABLE_STRICT_OBJC_MSGSEND = YES;
				ENABLE_TESTABILITY = YES;
				GCC_C_LANGUAGE_STANDARD = gnu99;
				GCC_DYNAMIC_NO_PIC = NO;
				GCC_NO_COMMON_BLOCKS = YES;
				GCC_OPTIMIZATION_LEVEL = 0;
				GCC_PREPROCESSOR_DEFINITIONS = (
					"DEBUG=1",
					"$(inherited)",
				);
				GCC_WARN_64_TO_32_BIT_CONVERSION = YES;
				GCC_WARN_ABOUT_RETURN_TYPE = YES_ERROR;
				GCC_WARN_UNDECLARED_SELECTOR = YES;
				GCC_WARN_UNINITIALIZED_AUTOS = YES_AGGRESSIVE;
				GCC_WARN_UNUSED_FUNCTION = YES;
				GCC_WARN_UNUSED_VARIABLE = YES;
				IPHONEOS_DEPLOYMENT_TARGET = 9.0;
				MTL_ENABLE_DEBUG_INFO = YES;
				ONLY_ACTIVE_ARCH = YES;
				SDKROOT = iphoneos;
				SWIFT_OPTIMIZATION_LEVEL = "-Onone";
			};
			name = Debug;
		};
		637D85831BE3C64400A4BA07 /* Release */ = {
			isa = XCBuildConfiguration;
			buildSettings = {
				ALWAYS_SEARCH_USER_PATHS = NO;
				CLANG_CXX_LANGUAGE_STANDARD = "gnu++0x";
				CLANG_CXX_LIBRARY = "libc++";
				CLANG_ENABLE_MODULES = YES;
				CLANG_ENABLE_OBJC_ARC = YES;
				CLANG_WARN_BOOL_CONVERSION = YES;
				CLANG_WARN_CONSTANT_CONVERSION = YES;
				CLANG_WARN_DIRECT_OBJC_ISA_USAGE = YES_ERROR;
				CLANG_WARN_EMPTY_BODY = YES;
				CLANG_WARN_ENUM_CONVERSION = YES;
				CLANG_WARN_INT_CONVERSION = YES;
				CLANG_WARN_OBJC_ROOT_CLASS = YES_ERROR;
				CLANG_WARN_UNREACHABLE_CODE = YES;
				CLANG_WARN__DUPLICATE_METHOD_MATCH = YES;
				"CODE_SIGN_IDENTITY[sdk=iphoneos*]" = "iPhone Developer";
				COPY_PHASE_STRIP = NO;
				DEBUG_INFORMATION_FORMAT = "dwarf-with-dsym";
				ENABLE_NS_ASSERTIONS = NO;
				ENABLE_STRICT_OBJC_MSGSEND = YES;
				GCC_C_LANGUAGE_STANDARD = gnu99;
				GCC_NO_COMMON_BLOCKS = YES;
				GCC_WARN_64_TO_32_BIT_CONVERSION = YES;
				GCC_WARN_ABOUT_RETURN_TYPE = YES_ERROR;
				GCC_WARN_UNDECLARED_SELECTOR = YES;
				GCC_WARN_UNINITIALIZED_AUTOS = YES_AGGRESSIVE;
				GCC_WARN_UNUSED_FUNCTION = YES;
				GCC_WARN_UNUSED_VARIABLE = YES;
				IPHONEOS_DEPLOYMENT_TARGET = 9.0;
				MTL_ENABLE_DEBUG_INFO = NO;
				SDKROOT = iphoneos;
				VALIDATE_PRODUCT = YES;
			};
			name = Release;
		};
		637D85851BE3C64400A4BA07 /* Debug */ = {
			isa = XCBuildConfiguration;
			buildSettings = {
				ASSETCATALOG_COMPILER_APPICON_NAME = AppIcon;
				INFOPLIST_FILE = App8_Mapas/Info.plist;
				LD_RUNPATH_SEARCH_PATHS = "$(inherited) @executable_path/Frameworks";
				PRODUCT_BUNDLE_IDENTIFIER = "com.icologic.App8-Mapas";
				PRODUCT_NAME = "$(TARGET_NAME)";
			};
			name = Debug;
		};
		637D85861BE3C64400A4BA07 /* Release */ = {
			isa = XCBuildConfiguration;
			buildSettings = {
				ASSETCATALOG_COMPILER_APPICON_NAME = AppIcon;
				INFOPLIST_FILE = App8_Mapas/Info.plist;
				LD_RUNPATH_SEARCH_PATHS = "$(inherited) @executable_path/Frameworks";
				PRODUCT_BUNDLE_IDENTIFIER = "com.icologic.App8-Mapas";
				PRODUCT_NAME = "$(TARGET_NAME)";
			};
			name = Release;
		};
/* End XCBuildConfiguration section */

/* Begin XCConfigurationList section */
		637D856D1BE3C64300A4BA07 /* Build configuration list for PBXProject "App8_Mapas" */ = {
			isa = XCConfigurationList;
			buildConfigurations = (
				637D85821BE3C64400A4BA07 /* Debug */,
				637D85831BE3C64400A4BA07 /* Release */,
			);
			defaultConfigurationIsVisible = 0;
			defaultConfigurationName = Release;
		};
		637D85841BE3C64400A4BA07 /* Build configuration list for PBXNativeTarget "App8_Mapas" */ = {
			isa = XCConfigurationList;
			buildConfigurations = (
				637D85851BE3C64400A4BA07 /* Debug */,
				637D85861BE3C64400A4BA07 /* Release */,
			);
			defaultConfigurationIsVisible = 0;
		};
/* End XCConfigurationList section */
	};
	rootObject = 637D856A1BE3C64300A4BA07 /* Project object */;
}
